{
  "name": "automerge-gc-test",
  "version": "1.0.0",
  "lockfileVersion": 3,
  "requires": true,
  "packages": {
    "": {
      "name": "automerge-gc-test",
      "version": "1.0.0",
      "license": "ISC",
      "dependencies": {
        "@automerge/automerge": "^3.2.1"
      }
    },
    "node_modules/@automerge/automerge": {
      "version": "3.2.1",
      "resolved": "https://registry.npmjs.org/@automerge/automerge/-/automerge-3.2.1.tgz",
      "integrity": "sha512-xsEZlZe8lWyVCbD7Z7roH4X6ZKlRxMmmumb0M5CuxJWptUEfYsf+1z9lFEJh4aDBbWTLAgxsXd+TBi6jKTj0+g==",
      "license": "MIT"
    }
  }
}
